
Microsoft Visual Studio Solution File, Format Version 12.00
# Visual Studio Version 17
VisualStudioVersion = 17.3.32819.101
MinimumVisualStudioVersion = 10.0.40219.1
Project("{FAE04EC0-301F-11D3-BF4B-00C04F79EFBC}") = "övning", "övning\övning.csproj", "{A2AA4D89-4FE8-4B42-8383-F167AAAE2461}"
EndProject
Global
	GlobalSection(SolutionConfigurationPlatforms) = preSolution
		Debug|Any CPU = Debug|Any CPU
		Release|Any CPU = Release|Any CPU
	EndGlobalSection
	GlobalSection(ProjectConfigurationPlatforms) = postSolution
		{A2AA4D89-4FE8-4B42-8383-F167AAAE2461}.Debug|Any CPU.ActiveCfg = Debug|Any CPU
		{A2AA4D89-4FE8-4B42-8383-F167AAAE2461}.Debug|Any CPU.Build.0 = Debug|Any CPU
		{A2AA4D89-4FE8-4B42-8383-F167AAAE2461}.Release|Any CPU.ActiveCfg = Release|Any CPU
		{A2AA4D89-4FE8-4B42-8383-F167AAAE2461}.Release|Any CPU.Build.0 = Release|Any CPU
	EndGlobalSection
	GlobalSection(SolutionProperties) = preSolution
		HideSolutionNode = FALSE
	EndGlobalSection
	GlobalSection(ExtensibilityGlobals) = postSolution
		SolutionGuid = {DA8288A1-07B5-46AF-BE63-A6FD4C6F436C}
	EndGlobalSection
EndGlobal
